
Microsoft Visual Studio Solution File, Format Version 12.00
# Visual Studio Version 17
VisualStudioVersion = 17.11.35312.102
MinimumVisualStudioVersion = 10.0.40219.1
Project("{FAE04EC0-301F-11D3-BF4B-00C04F79EFBC}") = "Social Website", "Social Website\Social Website.csproj", "{2A395058-E60E-4F4A-B9AE-291059B16607}"
EndProject
Global
	GlobalSection(SolutionConfigurationPlatforms) = preSolution
		Debug|Any CPU = Debug|Any CPU
		Release|Any CPU = Release|Any CPU
	EndGlobalSection
	GlobalSection(ProjectConfigurationPlatforms) = postSolution
		{2A395058-E60E-4F4A-B9AE-291059B16607}.Debug|Any CPU.ActiveCfg = Debug|Any CPU
		{2A395058-E60E-4F4A-B9AE-291059B16607}.Debug|Any CPU.Build.0 = Debug|Any CPU
		{2A395058-E60E-4F4A-B9AE-291059B16607}.Release|Any CPU.ActiveCfg = Release|Any CPU
		{2A395058-E60E-4F4A-B9AE-291059B16607}.Release|Any CPU.Build.0 = Release|Any CPU
	EndGlobalSection
	GlobalSection(SolutionProperties) = preSolution
		HideSolutionNode = FALSE
	EndGlobalSection
	GlobalSection(ExtensibilityGlobals) = postSolution
		SolutionGuid = {B038A3F1-2C46-462B-9676-B9FD5667B569}
	EndGlobalSection
EndGlobal
